
Microsoft Visual Studio Solution File, Format Version 12.00
# Visual Studio Version 17
VisualStudioVersion = 17.6.33815.320
MinimumVisualStudioVersion = 10.0.40219.1
Project("{FAE04EC0-301F-11D3-BF4B-00C04F79EFBC}") = "GameCenterProject", "GameCenterProject.csproj", "{7AB5C65F-D887-46B2-A2A9-31C4EE72A97A}"
EndProject
Global
	GlobalSection(SolutionConfigurationPlatforms) = preSolution
		Debug|Any CPU = Debug|Any CPU
		Release|Any CPU = Release|Any CPU
	EndGlobalSection
	GlobalSection(ProjectConfigurationPlatforms) = postSolution
		{7AB5C65F-D887-46B2-A2A9-31C4EE72A97A}.Debug|Any CPU.ActiveCfg = Debug|Any CPU
		{7AB5C65F-D887-46B2-A2A9-31C4EE72A97A}.Debug|Any CPU.Build.0 = Debug|Any CPU
		{7AB5C65F-D887-46B2-A2A9-31C4EE72A97A}.Release|Any CPU.ActiveCfg = Release|Any CPU
		{7AB5C65F-D887-46B2-A2A9-31C4EE72A97A}.Release|Any CPU.Build.0 = Release|Any CPU
	EndGlobalSection
	GlobalSection(SolutionProperties) = preSolution
		HideSolutionNode = FALSE
	EndGlobalSection
	GlobalSection(ExtensibilityGlobals) = postSolution
		SolutionGuid = {57A31BAA-4BCA-487D-9E29-901EBE0CC8A2}
	EndGlobalSection
EndGlobal
